// !$*UTF8*$!
{
	archiveVersion = 1;
	classes = {
	};
	objectVersion = 56;
	objects = {

/* Begin PBXBuildFile section */
		1B39CDF82C745C98006B574E /* SwiftUISample1App.swift in Sources */ = {isa = PBXBuildFile; fileRef = 1B39CDF72C745C98006B574E /* SwiftUISample1App.swift */; };
		1B39CDFA2C745C98006B574E /* ContentView.swift in Sources */ = {isa = PBXBuildFile; fileRef = 1B39CDF92C745C98006B574E /* ContentView.swift */; };
		1B39CDFC2C745C9A006B574E /* Assets.xcassets in Resources */ = {isa = PBXBuildFile; fileRef = 1B39CDFB2C745C9A006B574E /* Assets.xcassets */; };
		1B39CDFF2C745C9A006B574E /* Preview Assets.xcassets in Resources */ = {isa = PBXBuildFile; fileRef = 1B39CDFE2C745C9A006B574E /* Preview Assets.xcassets */; };
		1B39CE092C745C9A006B574E /* SwiftUISample1Tests.swift in Sources */ = {isa = PBXBuildFile; fileRef = 1B39CE082C745C9A006B574E /* SwiftUISample1Tests.swift */; };
		1B39CE132C745C9A006B574E /* SwiftUISample1UITests.swift in Sources */ = {isa = PBXBuildFile; fileRef = 1B39CE122C745C9A006B574E /* SwiftUISample1UITests.swift */; };
		1B39CE152C745C9A006B574E /* SwiftUISample1UITestsLaunchTests.swift in Sources */ = {isa = PBXBuildFile; fileRef = 1B39CE142C745C9A006B574E /* SwiftUISample1UITestsLaunchTests.swift */; };
/* End PBXBuildFile section */

/* Begin PBXContainerItemProxy section */
		1B39CE052C745C9A006B574E /* PBXContainerItemProxy */ = {
			isa = PBXContainerItemProxy;
			containerPortal = 1B39CDEC2C745C98006B574E /* Project object */;
			proxyType = 1;
			remoteGlobalIDString = 1B39CDF32C745C98006B574E;
			remoteInfo = SwiftUISample1;
		};
		1B39CE0F2C745C9A006B574E /* PBXContainerItemProxy */ = {
			isa = PBXContainerItemProxy;
			containerPortal = 1B39CDEC2C745C98006B574E /* Project object */;
			proxyType = 1;
			remoteGlobalIDString = 1B39CDF32C745C98006B574E;
			remoteInfo = SwiftUISample1;
		};
/* End PBXContainerItemProxy section */

/* Begin PBXFileReference section */
		1B39CDF42C745C98006B574E /* SwiftUISample1.app */ = {isa = PBXFileReference; explicitFileType = wrapper.application; includeInIndex = 0; path = SwiftUISample1.app; sourceTree = BUILT_PRODUCTS_DIR; };
		1B39CDF72C745C98006B574E /* SwiftUISample1App.swift */ = {isa = PBXFileReference; lastKnownFileType = sourcecode.swift; path = SwiftUISample1App.swift; sourceTree = "<group>"; };
		1B39CDF92C745C98006B574E /* ContentView.swift */ = {isa = PBXFileReference; lastKnownFileType = sourcecode.swift; path = ContentView.swift; sourceTree = "<group>"; };
		1B39CDFB2C745C9A006B574E /* Assets.xcassets */ = {isa = PBXFileReference; lastKnownFileType = folder.assetcatalog; path = Assets.xcassets; sourceTree = "<group>"; };
		1B39CDFE2C745C9A006B574E /* Preview Assets.xcassets */ = {isa = PBXFileReference; lastKnownFileType = folder.assetcatalog; path = "Preview Assets.xcassets"; sourceTree = "<group>"; };
		1B39CE042C745C9A006B574E /* SwiftUISample1Tests.xctest */ = {isa = PBXFileReference; explicitFileType = wrapper.cfbundle; includeInIndex = 0; path = SwiftUISample1Tests.xctest; sourceTree = BUILT_PRODUCTS_DIR; };
		1B39CE082C745C9A006B574E /* SwiftUISample1Tests.swift */ = {isa = PBXFileReference; lastKnownFileType = sourcecode.swift; path = SwiftUISample1Tests.swift; sourceTree = "<group>"; };
		1B39CE0E2C745C9A006B574E /* SwiftUISample1UITests.xctest */ = {isa = PBXFileReference; explicitFileType = wrapper.cfbundle; includeInIndex = 0; path = SwiftUISample1UITests.xctest; sourceTree = BUILT_PRODUCTS_DIR; };
		1B39CE122C745C9A006B574E /* SwiftUISample1UITests.swift */ = {isa = PBXFileReference; lastKnownFileType = sourcecode.swift; path = SwiftUISample1UITests.swift; sourceTree = "<group>"; };
		1B39CE142C745C9A006B574E /* SwiftUISample1UITestsLaunchTests.swift */ = {isa = PBXFileReference; lastKnownFileType = sourcecode.swift; path = SwiftUISample1UITestsLaunchTests.swift; sourceTree = "<group>"; };
/* End PBXFileReference section */

/* Begin PBXFrameworksBuildPhase section */
		1B39CDF12C745C98006B574E /* Frameworks */ = {
			isa = PBXFrameworksBuildPhase;
			buildActionMask = 2147483647;
			files = (
			);
			runOnlyForDeploymentPostprocessing = 0;
		};
		1B39CE012C745C9A006B574E /* Frameworks */ = {
			isa = PBXFrameworksBuildPhase;
			buildActionMask = 2147483647;
			files = (
			);
			runOnlyForDeploymentPostprocessing = 0;
		};
		1B39CE0B2C745C9A006B574E /* Frameworks */ = {
			isa = PBXFrameworksBuildPhase;
			buildActionMask = 2147483647;
			files = (
			);
			runOnlyForDeploymentPostprocessing = 0;
		};
/* End PBXFrameworksBuildPhase section */

/* Begin PBXGroup section */
		1B39CDEB2C745C98006B574E = {
			isa = PBXGroup;
			children = (
				1B39CDF62C745C98006B574E /* SwiftUISample1 */,
				1B39CE072C745C9A006B574E /* SwiftUISample1Tests */,
				1B39CE112C745C9A006B574E /* SwiftUISample1UITests */,
				1B39CDF52C745C98006B574E /* Products */,
			);
			sourceTree = "<group>";
		};
		1B39CDF52C745C98006B574E /* Products */ = {
			isa = PBXGroup;
			children = (
				1B39CDF42C745C98006B574E /* SwiftUISample1.app */,
				1B39CE042C745C9A006B574E /* SwiftUISample1Tests.xctest */,
				1B39CE0E2C745C9A006B574E /* SwiftUISample1UITests.xctest */,
			);
			name = Products;
			sourceTree = "<group>";
		};
		1B39CDF62C745C98006B574E /* SwiftUISample1 */ = {
			isa = PBXGroup;
			children = (
				1B39CDF72C745C98006B574E /* SwiftUISample1App.swift */,
				1B39CDF92C745C98006B574E /* ContentView.swift */,
				1B39CDFB2C745C9A006B574E /* Assets.xcassets */,
				1B39CDFD2C745C9A006B574E /* Preview Content */,
			);
			path = SwiftUISample1;
			sourceTree = "<group>";
		};
		1B39CDFD2C745C9A006B574E /* Preview Content */ = {
			isa = PBXGroup;
			children = (
				1B39CDFE2C745C9A006B574E /* Preview Assets.xcassets */,
			);
			path = "Preview Content";
			sourceTree = "<group>";
		};
		1B39CE072C745C9A006B574E /* SwiftUISample1Tests */ = {
			isa = PBXGroup;
			children = (
				1B39CE082C745C9A006B574E /* SwiftUISample1Tests.swift */,
			);
			path = SwiftUISample1Tests;
			sourceTree = "<group>";
		};
		1B39CE112C745C9A006B574E /* SwiftUISample1UITests */ = {
			isa = PBXGroup;
			children = (
				1B39CE122C745C9A006B574E /* SwiftUISample1UITests.swift */,
				1B39CE142C745C9A006B574E /* SwiftUISample1UITestsLaunchTests.swift */,
			);
			path = SwiftUISample1UITests;
			sourceTree = "<group>";
		};
/* End PBXGroup section */

/* Begin PBXNativeTarget section */
		1B39CDF32C745C98006B574E /* SwiftUISample1 */ = {
			isa = PBXNativeTarget;
			buildConfigurationList = 1B39CE182C745C9A006B574E /* Build configuration list for PBXNativeTarget "SwiftUISample1" */;
			buildPhases = (
				1B39CDF02C745C98006B574E /* Sources */,
				1B39CDF12C745C98006B574E /* Frameworks */,
				1B39CDF22C745C98006B574E /* Resources */,
			);
			buildRules = (
			);
			dependencies = (
			);
			name = SwiftUISample1;
			productName = SwiftUISample1;
			productReference = 1B39CDF42C745C98006B574E /* SwiftUISample1.app */;
			productType = "com.apple.product-type.application";
		};
		1B39CE032C745C9A006B574E /* SwiftUISample1Tests */ = {
			isa = PBXNativeTarget;
			buildConfigurationList = 1B39CE1B2C745C9A006B574E /* Build configuration list for PBXNativeTarget "SwiftUISample1Tests" */;
			buildPhases = (
				1B39CE002C745C9A006B574E /* Sources */,
				1B39CE012C745C9A006B574E /* Frameworks */,
				1B39CE022C745C9A006B574E /* Resources */,
			);
			buildRules = (
			);
			dependencies = (
				1B39CE062C745C9A006B574E /* PBXTargetDependency */,
			);
			name = SwiftUISample1Tests;
			productName = SwiftUISample1Tests;
			productReference = 1B39CE042C745C9A006B574E /* SwiftUISample1Tests.xctest */;
			productType = "com.apple.product-type.bundle.unit-test";
		};
		1B39CE0D2C745C9A006B574E /* SwiftUISample1UITests */ = {
			isa = PBXNativeTarget;
			buildConfigurationList = 1B39CE1E2C745C9A006B574E /* Build configuration list for PBXNativeTarget "SwiftUISample1UITests" */;
			buildPhases = (
				1B39CE0A2C745C9A006B574E /* Sources */,
				1B39CE0B2C745C9A006B574E /* Frameworks */,
				1B39CE0C2C745C9A006B574E /* Resources */,
			);
			buildRules = (
			);
			dependencies = (
				1B39CE102C745C9A006B574E /* PBXTargetDependency */,
			);
			name = SwiftUISample1UITests;
			productName = SwiftUISample1UITests;
			productReference = 1B39CE0E2C745C9A006B574E /* SwiftUISample1UITests.xctest */;
			productType = "com.apple.product-type.bundle.ui-testing";
		};
/* End PBXNativeTarget section */

/* Begin PBXProject section */
		1B39CDEC2C745C98006B574E /* Project object */ = {
			isa = PBXProject;
			attributes = {
				BuildIndependentTargetsInParallel = 1;
				LastSwiftUpdateCheck = 1540;
				LastUpgradeCheck = 1540;
				TargetAttributes = {
					1B39CDF32C745C98006B574E = {
						CreatedOnToolsVersion = 15.4;
					};
					1B39CE032C745C9A006B574E = {
						CreatedOnToolsVersion = 15.4;
						TestTargetID = 1B39CDF32C745C98006B574E;
					};
					1B39CE0D2C745C9A006B574E = {
						CreatedOnToolsVersion = 15.4;
						TestTargetID = 1B39CDF32C745C98006B574E;
					};
				};
			};
			buildConfigurationList = 1B39CDEF2C745C98006B574E /* Build configuration list for PBXProject "SwiftUISample1" */;
			compatibilityVersion = "Xcode 14.0";
			developmentRegion = en;
			hasScannedForEncodings = 0;
			knownRegions = (
				en,
				Base,
			);
			mainGroup = 1B39CDEB2C745C98006B574E;
			productRefGroup = 1B39CDF52C745C98006B574E /* Products */;
			projectDirPath = "";
			projectRoot = "";
			targets = (
				1B39CDF32C745C98006B574E /* SwiftUISample1 */,
				1B39CE032C745C9A006B574E /* SwiftUISample1Tests */,
				1B39CE0D2C745C9A006B574E /* SwiftUISample1UITests */,
			);
		};
/* End PBXProject section */

/* Begin PBXResourcesBuildPhase section */
		1B39CDF22C745C98006B574E /* Resources */ = {
			isa = PBXResourcesBuildPhase;
			buildActionMask = 2147483647;
			files = (
				1B39CDFF2C745C9A006B574E /* Preview Assets.xcassets in Resources */,
				1B39CDFC2C745C9A006B574E /* Assets.xcassets in Resources */,
			);
			runOnlyForDeploymentPostprocessing = 0;
		};
		1B39CE022C745C9A006B574E /* Resources */ = {
			isa = PBXResourcesBuildPhase;
			buildActionMask = 2147483647;
			files = (
			);
			runOnlyForDeploymentPostprocessing = 0;
		};
		1B39CE0C2C745C9A006B574E /* Resources */ = {
			isa = PBXResourcesBuildPhase;
			buildActionMask = 2147483647;
			files = (
			);
			runOnlyForDeploymentPostprocessing = 0;
		};
/* End PBXResourcesBuildPhase section */

/* Begin PBXSourcesBuildPhase section */
		1B39CDF02C745C98006B574E /* Sources */ = {
			isa = PBXSourcesBuildPhase;
			buildActionMask = 2147483647;
			files = (
				1B39CDFA2C745C98006B574E /* ContentView.swift in Sources */,
				1B39CDF82C745C98006B574E /* SwiftUISample1App.swift in Sources */,
			);
			runOnlyForDeploymentPostprocessing = 0;
		};
		1B39CE002C745C9A006B574E /* Sources */ = {
			isa = PBXSourcesBuildPhase;
			buildActionMask = 2147483647;
			files = (
				1B39CE092C745C9A006B574E /* SwiftUISample1Tests.swift in Sources */,
			);
			runOnlyForDeploymentPostprocessing = 0;
		};
		1B39CE0A2C745C9A006B574E /* Sources */ = {
			isa = PBXSourcesBuildPhase;
			buildActionMask = 2147483647;
			files = (
				1B39CE152C745C9A006B574E /* SwiftUISample1UITestsLaunchTests.swift in Sources */,
				1B39CE132C745C9A006B574E /* SwiftUISample1UITests.swift in Sources */,
			);
			runOnlyForDeploymentPostprocessing = 0;
		};
/* End PBXSourcesBuildPhase section */

/* Begin PBXTargetDependency section */
		1B39CE062C745C9A006B574E /* PBXTargetDependency */ = {
			isa = PBXTargetDependency;
			target = 1B39CDF32C745C98006B574E /* SwiftUISample1 */;
			targetProxy = 1B39CE052C745C9A006B574E /* PBXContainerItemProxy */;
		};
		1B39CE102C745C9A006B574E /* PBXTargetDependency */ = {
			isa = PBXTargetDependency;
			target = 1B39CDF32C745C98006B574E /* SwiftUISample1 */;
			targetProxy = 1B39CE0F2C745C9A006B574E /* PBXContainerItemProxy */;
		};
/* End PBXTargetDependency section */

/* Begin XCBuildConfiguration section */
		1B39CE162C745C9A006B574E /* Debug */ = {
			isa = XCBuildConfiguration;
			buildSettings = {
				ALWAYS_SEARCH_USER_PATHS = NO;
				ASSETCATALOG_COMPILER_GENERATE_SWIFT_ASSET_SYMBOL_EXTENSIONS = YES;
				CLANG_ANALYZER_NONNULL = YES;
				CLANG_ANALYZER_NUMBER_OBJECT_CONVERSION = YES_AGGRESSIVE;
				CLANG_CXX_LANGUAGE_STANDARD = "gnu++20";
				CLANG_ENABLE_MODULES = YES;
				CLANG_ENABLE_OBJC_ARC = YES;
				CLANG_ENABLE_OBJC_WEAK = YES;
				CLANG_WARN_BLOCK_CAPTURE_AUTORELEASING = YES;
				CLANG_WARN_BOOL_CONVERSION = YES;
				CLANG_WARN_COMMA = YES;
				CLANG_WARN_CONSTANT_CONVERSION = YES;
				CLANG_WARN_DEPRECATED_OBJC_IMPLEMENTATIONS = YES;
				CLANG_WARN_DIRECT_OBJC_ISA_USAGE = YES_ERROR;
				CLANG_WARN_DOCUMENTATION_COMMENTS = YES;
				CLANG_WARN_EMPTY_BODY = YES;
				CLANG_WARN_ENUM_CONVERSION = YES;
				CLANG_WARN_INFINITE_RECURSION = YES;
				CLANG_WARN_INT_CONVERSION = YES;
				CLANG_WARN_NON_LITERAL_NULL_CONVERSION = YES;
				CLANG_WARN_OBJC_IMPLICIT_RETAIN_SELF = YES;
				CLANG_WARN_OBJC_LITERAL_CONVERSION = YES;
				CLANG_WARN_OBJC_ROOT_CLASS = YES_ERROR;
				CLANG_WARN_QUOTED_INCLUDE_IN_FRAMEWORK_HEADER = YES;
				CLANG_WARN_RANGE_LOOP_ANALYSIS = YES;
				CLANG_WARN_STRICT_PROTOTYPES = YES;
				CLANG_WARN_SUSPICIOUS_MOVE = YES;
				CLANG_WARN_UNGUARDED_AVAILABILITY = YES_AGGRESSIVE;
				CLANG_WARN_UNREACHABLE_CODE = YES;
				CLANG_WARN__DUPLICATE_METHOD_MATCH = YES;
				COPY_PHASE_STRIP = NO;
				DEBUG_INFORMATION_FORMAT = dwarf;
				ENABLE_STRICT_OBJC_MSGSEND = YES;
				ENABLE_TESTABILITY = YES;
				ENABLE_USER_SCRIPT_SANDBOXING = YES;
				GCC_C_LANGUAGE_STANDARD = gnu17;
				GCC_DYNAMIC_NO_PIC = NO;
				GCC_NO_COMMON_BLOCKS = YES;
				GCC_OPTIMIZATION_LEVEL = 0;
				GCC_PREPROCESSOR_DEFINITIONS = (
					"DEBUG=1",
					"$(inherited)",
				);
				GCC_WARN_64_TO_32_BIT_CONVERSION = YES;
				GCC_WARN_ABOUT_RETURN_TYPE = YES_ERROR;
				GCC_WARN_UNDECLARED_SELECTOR = YES;
				GCC_WARN_UNINITIALIZED_AUTOS = YES_AGGRESSIVE;
				GCC_WARN_UNUSED_FUNCTION = YES;
				GCC_WARN_UNUSED_VARIABLE = YES;
				IPHONEOS_DEPLOYMENT_TARGET = 17.5;
				LOCALIZATION_PREFERS_STRING_CATALOGS = YES;
				MTL_ENABLE_DEBUG_INFO = INCLUDE_SOURCE;
				MTL_FAST_MATH = YES;
				ONLY_ACTIVE_ARCH = YES;
				SDKROOT = iphoneos;
				SWIFT_ACTIVE_COMPILATION_CONDITIONS = "DEBUG $(inherited)";
				SWIFT_OPTIMIZATION_LEVEL = "-Onone";
			};
			name = Debug;
		};
		1B39CE172C745C9A006B574E /* Release */ = {
			isa = XCBuildConfiguration;
			buildSettings = {
				ALWAYS_SEARCH_USER_PATHS = NO;
				ASSETCATALOG_COMPILER_GENERATE_SWIFT_ASSET_SYMBOL_EXTENSIONS = YES;
				CLANG_ANALYZER_NONNULL = YES;
				CLANG_ANALYZER_NUMBER_OBJECT_CONVERSION = YES_AGGRESSIVE;
				CLANG_CXX_LANGUAGE_STANDARD = "gnu++20";
				CLANG_ENABLE_MODULES = YES;
				CLANG_ENABLE_OBJC_ARC = YES;
				CLANG_ENABLE_OBJC_WEAK = YES;
				CLANG_WARN_BLOCK_CAPTURE_AUTORELEASING = YES;
				CLANG_WARN_BOOL_CONVERSION = YES;
				CLANG_WARN_COMMA = YES;
				CLANG_WARN_CONSTANT_CONVERSION = YES;
				CLANG_WARN_DEPRECATED_OBJC_IMPLEMENTATIONS = YES;
				CLANG_WARN_DIRECT_OBJC_ISA_USAGE = YES_ERROR;
				CLANG_WARN_DOCUMENTATION_COMMENTS = YES;
				CLANG_WARN_EMPTY_BODY = YES;
				CLANG_WARN_ENUM_CONVERSION = YES;
				CLANG_WARN_INFINITE_RECURSION = YES;
				CLANG_WARN_INT_CONVERSION = YES;
				CLANG_WARN_NON_LITERAL_NULL_CONVERSION = YES;
				CLANG_WARN_OBJC_IMPLICIT_RETAIN_SELF = YES;
				CLANG_WARN_OBJC_LITERAL_CONVERSION = YES;
				CLANG_WARN_OBJC_ROOT_CLASS = YES_ERROR;
				CLANG_WARN_QUOTED_INCLUDE_IN_FRAMEWORK_HEADER = YES;
				CLANG_WARN_RANGE_LOOP_ANALYSIS = YES;
				CLANG_WARN_STRICT_PROTOTYPES = YES;
				CLANG_WARN_SUSPICIOUS_MOVE = YES;
				CLANG_WARN_UNGUARDED_AVAILABILITY = YES_AGGRESSIVE;
				CLANG_WARN_UNREACHABLE_CODE = YES;
				CLANG_WARN__DUPLICATE_METHOD_MATCH = YES;
				COPY_PHASE_STRIP = NO;
				DEBUG_INFORMATION_FORMAT = "dwarf-with-dsym";
				ENABLE_NS_ASSERTIONS = NO;
				ENABLE_STRICT_OBJC_MSGSEND = YES;
				ENABLE_USER_SCRIPT_SANDBOXING = YES;
				GCC_C_LANGUAGE_STANDARD = gnu17;
				GCC_NO_COMMON_BLOCKS = YES;
				GCC_WARN_64_TO_32_BIT_CONVERSION = YES;
				GCC_WARN_ABOUT_RETURN_TYPE = YES_ERROR;
				GCC_WARN_UNDECLARED_SELECTOR = YES;
				GCC_WARN_UNINITIALIZED_AUTOS = YES_AGGRESSIVE;
				GCC_WARN_UNUSED_FUNCTION = YES;
				GCC_WARN_UNUSED_VARIABLE = YES;
				IPHONEOS_DEPLOYMENT_TARGET = 17.5;
				LOCALIZATION_PREFERS_STRING_CATALOGS = YES;
				MTL_ENABLE_DEBUG_INFO = NO;
				MTL_FAST_MATH = YES;
				SDKROOT = iphoneos;
				SWIFT_COMPILATION_MODE = wholemodule;
				VALIDATE_PRODUCT = YES;
			};
			name = Release;
		};
		1B39CE192C745C9A006B574E /* Debug */ = {
			isa = XCBuildConfiguration;
			buildSettings = {
				ASSETCATALOG_COMPILER_APPICON_NAME = AppIcon;
				ASSETCATALOG_COMPILER_GLOBAL_ACCENT_COLOR_NAME = AccentColor;
				CODE_SIGN_STYLE = Automatic;
				CURRENT_PROJECT_VERSION = 1;
				DEVELOPMENT_ASSET_PATHS = "\"SwiftUISample1/Preview Content\"";
				DEVELOPMENT_TEAM = 9VXZ74332Q;
				ENABLE_PREVIEWS = YES;
				GENERATE_INFOPLIST_FILE = YES;
				INFOPLIST_KEY_UIApplicationSceneManifest_Generation = YES;
				INFOPLIST_KEY_UIApplicationSupportsIndirectInputEvents = YES;
				INFOPLIST_KEY_UILaunchScreen_Generation = YES;
				INFOPLIST_KEY_UISupportedInterfaceOrientations_iPad = "UIInterfaceOrientationPortrait UIInterfaceOrientationPortraitUpsideDown UIInterfaceOrientationLandscapeLeft UIInterfaceOrientationLandscapeRight";
				INFOPLIST_KEY_UISupportedInterfaceOrientations_iPhone = "UIInterfaceOrientationPortrait UIInterfaceOrientationLandscapeLeft UIInterfaceOrientationLandscapeRight";
				LD_RUNPATH_SEARCH_PATHS = (
					"$(inherited)",
					"@executable_path/Frameworks",
				);
				MARKETING_VERSION = 1.0;
				PRODUCT_BUNDLE_IDENTIFIER = antino.SwiftUISample1;
				PRODUCT_NAME = "$(TARGET_NAME)";
				SWIFT_EMIT_LOC_STRINGS = YES;
				SWIFT_VERSION = 5.0;
				TARGETED_DEVICE_FAMILY = "1,2";
			};
			name = Debug;
		};
		1B39CE1A2C745C9A006B574E /* Release */ = {
			isa = XCBuildConfiguration;
			buildSettings = {
				ASSETCATALOG_COMPILER_APPICON_NAME = AppIcon;
				ASSETCATALOG_COMPILER_GLOBAL_ACCENT_COLOR_NAME = AccentColor;
				CODE_SIGN_STYLE = Automatic;
				CURRENT_PROJECT_VERSION = 1;
				DEVELOPMENT_ASSET_PATHS = "\"SwiftUISample1/Preview Content\"";
				DEVELOPMENT_TEAM = 9VXZ74332Q;
				ENABLE_PREVIEWS = YES;
				GENERATE_INFOPLIST_FILE = YES;
				INFOPLIST_KEY_UIApplicationSceneManifest_Generation = YES;
				INFOPLIST_KEY_UIApplicationSupportsIndirectInputEvents = YES;
				INFOPLIST_KEY_UILaunchScreen_Generation = YES;
				INFOPLIST_KEY_UISupportedInterfaceOrientations_iPad = "UIInterfaceOrientationPortrait UIInterfaceOrientationPortraitUpsideDown UIInterfaceOrientationLandscapeLeft UIInterfaceOrientationLandscapeRight";
				INFOPLIST_KEY_UISupportedInterfaceOrientations_iPhone = "UIInterfaceOrientationPortrait UIInterfaceOrientationLandscapeLeft UIInterfaceOrientationLandscapeRight";
				LD_RUNPATH_SEARCH_PATHS = (
					"$(inherited)",
					"@executable_path/Frameworks",
				);
				MARKETING_VERSION = 1.0;
				PRODUCT_BUNDLE_IDENTIFIER = antino.SwiftUISample1;
				PRODUCT_NAME = "$(TARGET_NAME)";
				SWIFT_EMIT_LOC_STRINGS = YES;
				SWIFT_VERSION = 5.0;
				TARGETED_DEVICE_FAMILY = "1,2";
			};
			name = Release;
		};
		1B39CE1C2C745C9A006B574E /* Debug */ = {
			isa = XCBuildConfiguration;
			buildSettings = {
				ALWAYS_EMBED_SWIFT_STANDARD_LIBRARIES = YES;
				BUNDLE_LOADER = "$(TEST_HOST)";
				CODE_SIGN_STYLE = Automatic;
				CURRENT_PROJECT_VERSION = 1;
				DEVELOPMENT_TEAM = 9VXZ74332Q;
				GENERATE_INFOPLIST_FILE = YES;
				IPHONEOS_DEPLOYMENT_TARGET = 17.5;
				MARKETING_VERSION = 1.0;
				PRODUCT_BUNDLE_IDENTIFIER = antino.SwiftUISample1Tests;
				PRODUCT_NAME = "$(TARGET_NAME)";
				SWIFT_EMIT_LOC_STRINGS = NO;
				SWIFT_VERSION = 5.0;
				TARGETED_DEVICE_FAMILY = "1,2";
				TEST_HOST = "$(BUILT_PRODUCTS_DIR)/SwiftUISample1.app/$(BUNDLE_EXECUTABLE_FOLDER_PATH)/SwiftUISample1";
			};
			name = Debug;
		};
		1B39CE1D2C745C9A006B574E /* Release */ = {
			isa = XCBuildConfiguration;
			buildSettings = {
				ALWAYS_EMBED_SWIFT_STANDARD_LIBRARIES = YES;
				BUNDLE_LOADER = "$(TEST_HOST)";
				CODE_SIGN_STYLE = Automatic;
				CURRENT_PROJECT_VERSION = 1;
				DEVELOPMENT_TEAM = 9VXZ74332Q;
				GENERATE_INFOPLIST_FILE = YES;
				IPHONEOS_DEPLOYMENT_TARGET = 17.5;
				MARKETING_VERSION = 1.0;
				PRODUCT_BUNDLE_IDENTIFIER = antino.SwiftUISample1Tests;
				PRODUCT_NAME = "$(TARGET_NAME)";
				SWIFT_EMIT_LOC_STRINGS = NO;
				SWIFT_VERSION = 5.0;
				TARGETED_DEVICE_FAMILY = "1,2";
				TEST_HOST = "$(BUILT_PRODUCTS_DIR)/SwiftUISample1.app/$(BUNDLE_EXECUTABLE_FOLDER_PATH)/SwiftUISample1";
			};
			name = Release;
		};
		1B39CE1F2C745C9A006B574E /* Debug */ = {
			isa = XCBuildConfiguration;
			buildSettings = {
				ALWAYS_EMBED_SWIFT_STANDARD_LIBRARIES = YES;
				CODE_SIGN_STYLE = Automatic;
				CURRENT_PROJECT_VERSION = 1;
				DEVELOPMENT_TEAM = 9VXZ74332Q;
				GENERATE_INFOPLIST_FILE = YES;
				MARKETING_VERSION = 1.0;
				PRODUCT_BUNDLE_IDENTIFIER = antino.SwiftUISample1UITests;
				PRODUCT_NAME = "$(TARGET_NAME)";
				SWIFT_EMIT_LOC_STRINGS = NO;
				SWIFT_VERSION = 5.0;
				TARGETED_DEVICE_FAMILY = "1,2";
				TEST_TARGET_NAME = SwiftUISample1;
			};
			name = Debug;
		};
		1B39CE202C745C9A006B574E /* Release */ = {
			isa = XCBuildConfiguration;
			buildSettings = {
				ALWAYS_EMBED_SWIFT_STANDARD_LIBRARIES = YES;
				CODE_SIGN_STYLE = Automatic;
				CURRENT_PROJECT_VERSION = 1;
				DEVELOPMENT_TEAM = 9VXZ74332Q;
				GENERATE_INFOPLIST_FILE = YES;
				MARKETING_VERSION = 1.0;
				PRODUCT_BUNDLE_IDENTIFIER = antino.SwiftUISample1UITests;
				PRODUCT_NAME = "$(TARGET_NAME)";
				SWIFT_EMIT_LOC_STRINGS = NO;
				SWIFT_VERSION = 5.0;
				TARGETED_DEVICE_FAMILY = "1,2";
				TEST_TARGET_NAME = SwiftUISample1;
			};
			name = Release;
		};
/* End XCBuildConfiguration section */

/* Begin XCConfigurationList section */
		1B39CDEF2C745C98006B574E /* Build configuration list for PBXProject "SwiftUISample1" */ = {
			isa = XCConfigurationList;
			buildConfigurations = (
				1B39CE162C745C9A006B574E /* Debug */,
				1B39CE172C745C9A006B574E /* Release */,
			);
			defaultConfigurationIsVisible = 0;
			defaultConfigurationName = Release;
		};
		1B39CE182C745C9A006B574E /* Build configuration list for PBXNativeTarget "SwiftUISample1" */ = {
			isa = XCConfigurationList;
			buildConfigurations = (
				1B39CE192C745C9A006B574E /* Debug */,
				1B39CE1A2C745C9A006B574E /* Release */,
			);
			defaultConfigurationIsVisible = 0;
			defaultConfigurationName = Release;
		};
		1B39CE1B2C745C9A006B574E /* Build configuration list for PBXNativeTarget "SwiftUISample1Tests" */ = {
			isa = XCConfigurationList;
			buildConfigurations = (
				1B39CE1C2C745C9A006B574E /* Debug */,
				1B39CE1D2C745C9A006B574E /* Release */,
			);
			defaultConfigurationIsVisible = 0;
			defaultConfigurationName = Release;
		};
		1B39CE1E2C745C9A006B574E /* Build configuration list for PBXNativeTarget "SwiftUISample1UITests" */ = {
			isa = XCConfigurationList;
			buildConfigurations = (
				1B39CE1F2C745C9A006B574E /* Debug */,
				1B39CE202C745C9A006B574E /* Release */,
			);
			defaultConfigurationIsVisible = 0;
			defaultConfigurationName = Release;
		};
/* End XCConfigurationList section */
	};
	rootObject = 1B39CDEC2C745C98006B574E /* Project object */;
}
