// !$*UTF8*$!
{
	archiveVersion = 1;
	classes = {
	};
	objectVersion = 56;
	objects = {

/* Begin PBXBuildFile section */
		1B39CEF62C75C36D006B574E /* SwiftUIAnimationsSampleApp.swift in Sources */ = {isa = PBXBuildFile; fileRef = 1B39CEF52C75C36D006B574E /* SwiftUIAnimationsSampleApp.swift */; };
		1B39CEF82C75C36D006B574E /* ContentView.swift in Sources */ = {isa = PBXBuildFile; fileRef = 1B39CEF72C75C36D006B574E /* ContentView.swift */; };
		1B39CEFA2C75C370006B574E /* Assets.xcassets in Resources */ = {isa = PBXBuildFile; fileRef = 1B39CEF92C75C370006B574E /* Assets.xcassets */; };
		1B39CEFD2C75C370006B574E /* Preview Assets.xcassets in Resources */ = {isa = PBXBuildFile; fileRef = 1B39CEFC2C75C370006B574E /* Preview Assets.xcassets */; };
		1B39CF042C75C6F4006B574E /* CustomizingAnimations.swift in Sources */ = {isa = PBXBuildFile; fileRef = 1B39CF032C75C6F4006B574E /* CustomizingAnimations.swift */; };
		1B39CF062C75CA1C006B574E /* AnimatingBindings.swift in Sources */ = {isa = PBXBuildFile; fileRef = 1B39CF052C75CA1C006B574E /* AnimatingBindings.swift */; };
		1B39CF082C75D3F6006B574E /* ExplicitAnimations.swift in Sources */ = {isa = PBXBuildFile; fileRef = 1B39CF072C75D3F6006B574E /* ExplicitAnimations.swift */; };
		1B39CF0A2C75D991006B574E /* ControllingAnimationStack.swift in Sources */ = {isa = PBXBuildFile; fileRef = 1B39CF092C75D990006B574E /* ControllingAnimationStack.swift */; };
		1B39CF0C2C75DE1D006B574E /* AnimatingGestures.swift in Sources */ = {isa = PBXBuildFile; fileRef = 1B39CF0B2C75DE1D006B574E /* AnimatingGestures.swift */; };
		1B39CF0E2C75E911006B574E /* ViewTansitions.swift in Sources */ = {isa = PBXBuildFile; fileRef = 1B39CF0D2C75E911006B574E /* ViewTansitions.swift */; };
		1B39CF102C75EBAD006B574E /* CustomTransitions.swift in Sources */ = {isa = PBXBuildFile; fileRef = 1B39CF0F2C75EBAD006B574E /* CustomTransitions.swift */; };
/* End PBXBuildFile section */

/* Begin PBXFileReference section */
		1B39CEF22C75C36D006B574E /* SwiftUIAnimationsSample.app */ = {isa = PBXFileReference; explicitFileType = wrapper.application; includeInIndex = 0; path = SwiftUIAnimationsSample.app; sourceTree = BUILT_PRODUCTS_DIR; };
		1B39CEF52C75C36D006B574E /* SwiftUIAnimationsSampleApp.swift */ = {isa = PBXFileReference; lastKnownFileType = sourcecode.swift; path = SwiftUIAnimationsSampleApp.swift; sourceTree = "<group>"; };
		1B39CEF72C75C36D006B574E /* ContentView.swift */ = {isa = PBXFileReference; lastKnownFileType = sourcecode.swift; path = ContentView.swift; sourceTree = "<group>"; };
		1B39CEF92C75C370006B574E /* Assets.xcassets */ = {isa = PBXFileReference; lastKnownFileType = folder.assetcatalog; path = Assets.xcassets; sourceTree = "<group>"; };
		1B39CEFC2C75C370006B574E /* Preview Assets.xcassets */ = {isa = PBXFileReference; lastKnownFileType = folder.assetcatalog; path = "Preview Assets.xcassets"; sourceTree = "<group>"; };
		1B39CF032C75C6F4006B574E /* CustomizingAnimations.swift */ = {isa = PBXFileReference; lastKnownFileType = sourcecode.swift; path = CustomizingAnimations.swift; sourceTree = "<group>"; };
		1B39CF052C75CA1C006B574E /* AnimatingBindings.swift */ = {isa = PBXFileReference; lastKnownFileType = sourcecode.swift; path = AnimatingBindings.swift; sourceTree = "<group>"; };
		1B39CF072C75D3F6006B574E /* ExplicitAnimations.swift */ = {isa = PBXFileReference; lastKnownFileType = sourcecode.swift; path = ExplicitAnimations.swift; sourceTree = "<group>"; };
		1B39CF092C75D990006B574E /* ControllingAnimationStack.swift */ = {isa = PBXFileReference; lastKnownFileType = sourcecode.swift; path = ControllingAnimationStack.swift; sourceTree = "<group>"; };
		1B39CF0B2C75DE1D006B574E /* AnimatingGestures.swift */ = {isa = PBXFileReference; lastKnownFileType = sourcecode.swift; path = AnimatingGestures.swift; sourceTree = "<group>"; };
		1B39CF0D2C75E911006B574E /* ViewTansitions.swift */ = {isa = PBXFileReference; lastKnownFileType = sourcecode.swift; path = ViewTansitions.swift; sourceTree = "<group>"; };
		1B39CF0F2C75EBAD006B574E /* CustomTransitions.swift */ = {isa = PBXFileReference; lastKnownFileType = sourcecode.swift; path = CustomTransitions.swift; sourceTree = "<group>"; };
/* End PBXFileReference section */

/* Begin PBXFrameworksBuildPhase section */
		1B39CEEF2C75C36D006B574E /* Frameworks */ = {
			isa = PBXFrameworksBuildPhase;
			buildActionMask = 2147483647;
			files = (
			);
			runOnlyForDeploymentPostprocessing = 0;
		};
/* End PBXFrameworksBuildPhase section */

/* Begin PBXGroup section */
		1B39CEE92C75C36D006B574E = {
			isa = PBXGroup;
			children = (
				1B39CEF42C75C36D006B574E /* SwiftUIAnimationsSample */,
				1B39CEF32C75C36D006B574E /* Products */,
			);
			sourceTree = "<group>";
		};
		1B39CEF32C75C36D006B574E /* Products */ = {
			isa = PBXGroup;
			children = (
				1B39CEF22C75C36D006B574E /* SwiftUIAnimationsSample.app */,
			);
			name = Products;
			sourceTree = "<group>";
		};
		1B39CEF42C75C36D006B574E /* SwiftUIAnimationsSample */ = {
			isa = PBXGroup;
			children = (
				1B39CEF52C75C36D006B574E /* SwiftUIAnimationsSampleApp.swift */,
				1B39CEF72C75C36D006B574E /* ContentView.swift */,
				1B39CF032C75C6F4006B574E /* CustomizingAnimations.swift */,
				1B39CF052C75CA1C006B574E /* AnimatingBindings.swift */,
				1B39CF072C75D3F6006B574E /* ExplicitAnimations.swift */,
				1B39CF092C75D990006B574E /* ControllingAnimationStack.swift */,
				1B39CF0B2C75DE1D006B574E /* AnimatingGestures.swift */,
				1B39CF0D2C75E911006B574E /* ViewTansitions.swift */,
				1B39CF0F2C75EBAD006B574E /* CustomTransitions.swift */,
				1B39CEF92C75C370006B574E /* Assets.xcassets */,
				1B39CEFB2C75C370006B574E /* Preview Content */,
			);
			path = SwiftUIAnimationsSample;
			sourceTree = "<group>";
		};
		1B39CEFB2C75C370006B574E /* Preview Content */ = {
			isa = PBXGroup;
			children = (
				1B39CEFC2C75C370006B574E /* Preview Assets.xcassets */,
			);
			path = "Preview Content";
			sourceTree = "<group>";
		};
/* End PBXGroup section */

/* Begin PBXNativeTarget section */
		1B39CEF12C75C36D006B574E /* SwiftUIAnimationsSample */ = {
			isa = PBXNativeTarget;
			buildConfigurationList = 1B39CF002C75C370006B574E /* Build configuration list for PBXNativeTarget "SwiftUIAnimationsSample" */;
			buildPhases = (
				1B39CEEE2C75C36D006B574E /* Sources */,
				1B39CEEF2C75C36D006B574E /* Frameworks */,
				1B39CEF02C75C36D006B574E /* Resources */,
			);
			buildRules = (
			);
			dependencies = (
			);
			name = SwiftUIAnimationsSample;
			productName = SwiftUIAnimationsSample;
			productReference = 1B39CEF22C75C36D006B574E /* SwiftUIAnimationsSample.app */;
			productType = "com.apple.product-type.application";
		};
/* End PBXNativeTarget section */

/* Begin PBXProject section */
		1B39CEEA2C75C36D006B574E /* Project object */ = {
			isa = PBXProject;
			attributes = {
				BuildIndependentTargetsInParallel = 1;
				LastSwiftUpdateCheck = 1540;
				LastUpgradeCheck = 1540;
				TargetAttributes = {
					1B39CEF12C75C36D006B574E = {
						CreatedOnToolsVersion = 15.4;
					};
				};
			};
			buildConfigurationList = 1B39CEED2C75C36D006B574E /* Build configuration list for PBXProject "SwiftUIAnimationsSample" */;
			compatibilityVersion = "Xcode 14.0";
			developmentRegion = en;
			hasScannedForEncodings = 0;
			knownRegions = (
				en,
				Base,
			);
			mainGroup = 1B39CEE92C75C36D006B574E;
			productRefGroup = 1B39CEF32C75C36D006B574E /* Products */;
			projectDirPath = "";
			projectRoot = "";
			targets = (
				1B39CEF12C75C36D006B574E /* SwiftUIAnimationsSample */,
			);
		};
/* End PBXProject section */

/* Begin PBXResourcesBuildPhase section */
		1B39CEF02C75C36D006B574E /* Resources */ = {
			isa = PBXResourcesBuildPhase;
			buildActionMask = 2147483647;
			files = (
				1B39CEFD2C75C370006B574E /* Preview Assets.xcassets in Resources */,
				1B39CEFA2C75C370006B574E /* Assets.xcassets in Resources */,
			);
			runOnlyForDeploymentPostprocessing = 0;
		};
/* End PBXResourcesBuildPhase section */

/* Begin PBXSourcesBuildPhase section */
		1B39CEEE2C75C36D006B574E /* Sources */ = {
			isa = PBXSourcesBuildPhase;
			buildActionMask = 2147483647;
			files = (
				1B39CF102C75EBAD006B574E /* CustomTransitions.swift in Sources */,
				1B39CF062C75CA1C006B574E /* AnimatingBindings.swift in Sources */,
				1B39CF042C75C6F4006B574E /* CustomizingAnimations.swift in Sources */,
				1B39CF0C2C75DE1D006B574E /* AnimatingGestures.swift in Sources */,
				1B39CEF82C75C36D006B574E /* ContentView.swift in Sources */,
				1B39CF0A2C75D991006B574E /* ControllingAnimationStack.swift in Sources */,
				1B39CEF62C75C36D006B574E /* SwiftUIAnimationsSampleApp.swift in Sources */,
				1B39CF0E2C75E911006B574E /* ViewTansitions.swift in Sources */,
				1B39CF082C75D3F6006B574E /* ExplicitAnimations.swift in Sources */,
			);
			runOnlyForDeploymentPostprocessing = 0;
		};
/* End PBXSourcesBuildPhase section */

/* Begin XCBuildConfiguration section */
		1B39CEFE2C75C370006B574E /* Debug */ = {
			isa = XCBuildConfiguration;
			buildSettings = {
				ALWAYS_SEARCH_USER_PATHS = NO;
				ASSETCATALOG_COMPILER_GENERATE_SWIFT_ASSET_SYMBOL_EXTENSIONS = YES;
				CLANG_ANALYZER_NONNULL = YES;
				CLANG_ANALYZER_NUMBER_OBJECT_CONVERSION = YES_AGGRESSIVE;
				CLANG_CXX_LANGUAGE_STANDARD = "gnu++20";
				CLANG_ENABLE_MODULES = YES;
				CLANG_ENABLE_OBJC_ARC = YES;
				CLANG_ENABLE_OBJC_WEAK = YES;
				CLANG_WARN_BLOCK_CAPTURE_AUTORELEASING = YES;
				CLANG_WARN_BOOL_CONVERSION = YES;
				CLANG_WARN_COMMA = YES;
				CLANG_WARN_CONSTANT_CONVERSION = YES;
				CLANG_WARN_DEPRECATED_OBJC_IMPLEMENTATIONS = YES;
				CLANG_WARN_DIRECT_OBJC_ISA_USAGE = YES_ERROR;
				CLANG_WARN_DOCUMENTATION_COMMENTS = YES;
				CLANG_WARN_EMPTY_BODY = YES;
				CLANG_WARN_ENUM_CONVERSION = YES;
				CLANG_WARN_INFINITE_RECURSION = YES;
				CLANG_WARN_INT_CONVERSION = YES;
				CLANG_WARN_NON_LITERAL_NULL_CONVERSION = YES;
				CLANG_WARN_OBJC_IMPLICIT_RETAIN_SELF = YES;
				CLANG_WARN_OBJC_LITERAL_CONVERSION = YES;
				CLANG_WARN_OBJC_ROOT_CLASS = YES_ERROR;
				CLANG_WARN_QUOTED_INCLUDE_IN_FRAMEWORK_HEADER = YES;
				CLANG_WARN_RANGE_LOOP_ANALYSIS = YES;
				CLANG_WARN_STRICT_PROTOTYPES = YES;
				CLANG_WARN_SUSPICIOUS_MOVE = YES;
				CLANG_WARN_UNGUARDED_AVAILABILITY = YES_AGGRESSIVE;
				CLANG_WARN_UNREACHABLE_CODE = YES;
				CLANG_WARN__DUPLICATE_METHOD_MATCH = YES;
				COPY_PHASE_STRIP = NO;
				DEBUG_INFORMATION_FORMAT = dwarf;
				ENABLE_STRICT_OBJC_MSGSEND = YES;
				ENABLE_TESTABILITY = YES;
				ENABLE_USER_SCRIPT_SANDBOXING = YES;
				GCC_C_LANGUAGE_STANDARD = gnu17;
				GCC_DYNAMIC_NO_PIC = NO;
				GCC_NO_COMMON_BLOCKS = YES;
				GCC_OPTIMIZATION_LEVEL = 0;
				GCC_PREPROCESSOR_DEFINITIONS = (
					"DEBUG=1",
					"$(inherited)",
				);
				GCC_WARN_64_TO_32_BIT_CONVERSION = YES;
				GCC_WARN_ABOUT_RETURN_TYPE = YES_ERROR;
				GCC_WARN_UNDECLARED_SELECTOR = YES;
				GCC_WARN_UNINITIALIZED_AUTOS = YES_AGGRESSIVE;
				GCC_WARN_UNUSED_FUNCTION = YES;
				GCC_WARN_UNUSED_VARIABLE = YES;
				IPHONEOS_DEPLOYMENT_TARGET = 17.5;
				LOCALIZATION_PREFERS_STRING_CATALOGS = YES;
				MTL_ENABLE_DEBUG_INFO = INCLUDE_SOURCE;
				MTL_FAST_MATH = YES;
				ONLY_ACTIVE_ARCH = YES;
				SDKROOT = iphoneos;
				SWIFT_ACTIVE_COMPILATION_CONDITIONS = "DEBUG $(inherited)";
				SWIFT_OPTIMIZATION_LEVEL = "-Onone";
			};
			name = Debug;
		};
		1B39CEFF2C75C370006B574E /* Release */ = {
			isa = XCBuildConfiguration;
			buildSettings = {
				ALWAYS_SEARCH_USER_PATHS = NO;
				ASSETCATALOG_COMPILER_GENERATE_SWIFT_ASSET_SYMBOL_EXTENSIONS = YES;
				CLANG_ANALYZER_NONNULL = YES;
				CLANG_ANALYZER_NUMBER_OBJECT_CONVERSION = YES_AGGRESSIVE;
				CLANG_CXX_LANGUAGE_STANDARD = "gnu++20";
				CLANG_ENABLE_MODULES = YES;
				CLANG_ENABLE_OBJC_ARC = YES;
				CLANG_ENABLE_OBJC_WEAK = YES;
				CLANG_WARN_BLOCK_CAPTURE_AUTORELEASING = YES;
				CLANG_WARN_BOOL_CONVERSION = YES;
				CLANG_WARN_COMMA = YES;
				CLANG_WARN_CONSTANT_CONVERSION = YES;
				CLANG_WARN_DEPRECATED_OBJC_IMPLEMENTATIONS = YES;
				CLANG_WARN_DIRECT_OBJC_ISA_USAGE = YES_ERROR;
				CLANG_WARN_DOCUMENTATION_COMMENTS = YES;
				CLANG_WARN_EMPTY_BODY = YES;
				CLANG_WARN_ENUM_CONVERSION = YES;
				CLANG_WARN_INFINITE_RECURSION = YES;
				CLANG_WARN_INT_CONVERSION = YES;
				CLANG_WARN_NON_LITERAL_NULL_CONVERSION = YES;
				CLANG_WARN_OBJC_IMPLICIT_RETAIN_SELF = YES;
				CLANG_WARN_OBJC_LITERAL_CONVERSION = YES;
				CLANG_WARN_OBJC_ROOT_CLASS = YES_ERROR;
				CLANG_WARN_QUOTED_INCLUDE_IN_FRAMEWORK_HEADER = YES;
				CLANG_WARN_RANGE_LOOP_ANALYSIS = YES;
				CLANG_WARN_STRICT_PROTOTYPES = YES;
				CLANG_WARN_SUSPICIOUS_MOVE = YES;
				CLANG_WARN_UNGUARDED_AVAILABILITY = YES_AGGRESSIVE;
				CLANG_WARN_UNREACHABLE_CODE = YES;
				CLANG_WARN__DUPLICATE_METHOD_MATCH = YES;
				COPY_PHASE_STRIP = NO;
				DEBUG_INFORMATION_FORMAT = "dwarf-with-dsym";
				ENABLE_NS_ASSERTIONS = NO;
				ENABLE_STRICT_OBJC_MSGSEND = YES;
				ENABLE_USER_SCRIPT_SANDBOXING = YES;
				GCC_C_LANGUAGE_STANDARD = gnu17;
				GCC_NO_COMMON_BLOCKS = YES;
				GCC_WARN_64_TO_32_BIT_CONVERSION = YES;
				GCC_WARN_ABOUT_RETURN_TYPE = YES_ERROR;
				GCC_WARN_UNDECLARED_SELECTOR = YES;
				GCC_WARN_UNINITIALIZED_AUTOS = YES_AGGRESSIVE;
				GCC_WARN_UNUSED_FUNCTION = YES;
				GCC_WARN_UNUSED_VARIABLE = YES;
				IPHONEOS_DEPLOYMENT_TARGET = 17.5;
				LOCALIZATION_PREFERS_STRING_CATALOGS = YES;
				MTL_ENABLE_DEBUG_INFO = NO;
				MTL_FAST_MATH = YES;
				SDKROOT = iphoneos;
				SWIFT_COMPILATION_MODE = wholemodule;
				VALIDATE_PRODUCT = YES;
			};
			name = Release;
		};
		1B39CF012C75C370006B574E /* Debug */ = {
			isa = XCBuildConfiguration;
			buildSettings = {
				ASSETCATALOG_COMPILER_APPICON_NAME = AppIcon;
				ASSETCATALOG_COMPILER_GLOBAL_ACCENT_COLOR_NAME = AccentColor;
				CODE_SIGN_STYLE = Automatic;
				CURRENT_PROJECT_VERSION = 1;
				DEVELOPMENT_ASSET_PATHS = "\"SwiftUIAnimationsSample/Preview Content\"";
				DEVELOPMENT_TEAM = 9VXZ74332Q;
				ENABLE_PREVIEWS = YES;
				GENERATE_INFOPLIST_FILE = YES;
				INFOPLIST_KEY_UIApplicationSceneManifest_Generation = YES;
				INFOPLIST_KEY_UIApplicationSupportsIndirectInputEvents = YES;
				INFOPLIST_KEY_UILaunchScreen_Generation = YES;
				INFOPLIST_KEY_UISupportedInterfaceOrientations_iPad = "UIInterfaceOrientationPortrait UIInterfaceOrientationPortraitUpsideDown UIInterfaceOrientationLandscapeLeft UIInterfaceOrientationLandscapeRight";
				INFOPLIST_KEY_UISupportedInterfaceOrientations_iPhone = "UIInterfaceOrientationPortrait UIInterfaceOrientationLandscapeLeft UIInterfaceOrientationLandscapeRight";
				LD_RUNPATH_SEARCH_PATHS = (
					"$(inherited)",
					"@executable_path/Frameworks",
				);
				MARKETING_VERSION = 1.0;
				PRODUCT_BUNDLE_IDENTIFIER = antino.SwiftUIAnimationsSample;
				PRODUCT_NAME = "$(TARGET_NAME)";
				SWIFT_EMIT_LOC_STRINGS = YES;
				SWIFT_VERSION = 5.0;
				TARGETED_DEVICE_FAMILY = "1,2";
			};
			name = Debug;
		};
		1B39CF022C75C370006B574E /* Release */ = {
			isa = XCBuildConfiguration;
			buildSettings = {
				ASSETCATALOG_COMPILER_APPICON_NAME = AppIcon;
				ASSETCATALOG_COMPILER_GLOBAL_ACCENT_COLOR_NAME = AccentColor;
				CODE_SIGN_STYLE = Automatic;
				CURRENT_PROJECT_VERSION = 1;
				DEVELOPMENT_ASSET_PATHS = "\"SwiftUIAnimationsSample/Preview Content\"";
				DEVELOPMENT_TEAM = 9VXZ74332Q;
				ENABLE_PREVIEWS = YES;
				GENERATE_INFOPLIST_FILE = YES;
				INFOPLIST_KEY_UIApplicationSceneManifest_Generation = YES;
				INFOPLIST_KEY_UIApplicationSupportsIndirectInputEvents = YES;
				INFOPLIST_KEY_UILaunchScreen_Generation = YES;
				INFOPLIST_KEY_UISupportedInterfaceOrientations_iPad = "UIInterfaceOrientationPortrait UIInterfaceOrientationPortraitUpsideDown UIInterfaceOrientationLandscapeLeft UIInterfaceOrientationLandscapeRight";
				INFOPLIST_KEY_UISupportedInterfaceOrientations_iPhone = "UIInterfaceOrientationPortrait UIInterfaceOrientationLandscapeLeft UIInterfaceOrientationLandscapeRight";
				LD_RUNPATH_SEARCH_PATHS = (
					"$(inherited)",
					"@executable_path/Frameworks",
				);
				MARKETING_VERSION = 1.0;
				PRODUCT_BUNDLE_IDENTIFIER = antino.SwiftUIAnimationsSample;
				PRODUCT_NAME = "$(TARGET_NAME)";
				SWIFT_EMIT_LOC_STRINGS = YES;
				SWIFT_VERSION = 5.0;
				TARGETED_DEVICE_FAMILY = "1,2";
			};
			name = Release;
		};
/* End XCBuildConfiguration section */

/* Begin XCConfigurationList section */
		1B39CEED2C75C36D006B574E /* Build configuration list for PBXProject "SwiftUIAnimationsSample" */ = {
			isa = XCConfigurationList;
			buildConfigurations = (
				1B39CEFE2C75C370006B574E /* Debug */,
				1B39CEFF2C75C370006B574E /* Release */,
			);
			defaultConfigurationIsVisible = 0;
			defaultConfigurationName = Release;
		};
		1B39CF002C75C370006B574E /* Build configuration list for PBXNativeTarget "SwiftUIAnimationsSample" */ = {
			isa = XCConfigurationList;
			buildConfigurations = (
				1B39CF012C75C370006B574E /* Debug */,
				1B39CF022C75C370006B574E /* Release */,
			);
			defaultConfigurationIsVisible = 0;
			defaultConfigurationName = Release;
		};
/* End XCConfigurationList section */
	};
	rootObject = 1B39CEEA2C75C36D006B574E /* Project object */;
}
