// !$*UTF8*$!
{
	archiveVersion = 1;
	classes = {
	};
	objectVersion = 56;
	objects = {

/* Begin PBXBuildFile section */
		1B39CF6F2C7735A2006B574E /* SwiftUINavigationSampleApp.swift in Sources */ = {isa = PBXBuildFile; fileRef = 1B39CF6E2C7735A2006B574E /* SwiftUINavigationSampleApp.swift */; };
		1B39CF712C7735A2006B574E /* ContentView.swift in Sources */ = {isa = PBXBuildFile; fileRef = 1B39CF702C7735A2006B574E /* ContentView.swift */; };
		1B39CF732C7735A4006B574E /* Assets.xcassets in Resources */ = {isa = PBXBuildFile; fileRef = 1B39CF722C7735A4006B574E /* Assets.xcassets */; };
		1B39CF762C7735A4006B574E /* Preview Assets.xcassets in Resources */ = {isa = PBXBuildFile; fileRef = 1B39CF752C7735A4006B574E /* Preview Assets.xcassets */; };
		1B39CF7D2C773A1A006B574E /* ProgrammaticNavigation.swift in Sources */ = {isa = PBXBuildFile; fileRef = 1B39CF7C2C773A1A006B574E /* ProgrammaticNavigation.swift */; };
		1B39CF7F2C773C21006B574E /* NavigationToMultipleDataTypes.swift in Sources */ = {isa = PBXBuildFile; fileRef = 1B39CF7E2C773C21006B574E /* NavigationToMultipleDataTypes.swift */; };
		1B39CF812C7742A8006B574E /* CustomNavBar.swift in Sources */ = {isa = PBXBuildFile; fileRef = 1B39CF802C7742A8006B574E /* CustomNavBar.swift */; };
		1B39CF852C774961006B574E /* CustomPath.swift in Sources */ = {isa = PBXBuildFile; fileRef = 1B39CF842C774961006B574E /* CustomPath.swift */; };
/* End PBXBuildFile section */

/* Begin PBXFileReference section */
		1B39CF6B2C7735A2006B574E /* SwiftUINavigationSample.app */ = {isa = PBXFileReference; explicitFileType = wrapper.application; includeInIndex = 0; path = SwiftUINavigationSample.app; sourceTree = BUILT_PRODUCTS_DIR; };
		1B39CF6E2C7735A2006B574E /* SwiftUINavigationSampleApp.swift */ = {isa = PBXFileReference; lastKnownFileType = sourcecode.swift; path = SwiftUINavigationSampleApp.swift; sourceTree = "<group>"; };
		1B39CF702C7735A2006B574E /* ContentView.swift */ = {isa = PBXFileReference; lastKnownFileType = sourcecode.swift; path = ContentView.swift; sourceTree = "<group>"; };
		1B39CF722C7735A4006B574E /* Assets.xcassets */ = {isa = PBXFileReference; lastKnownFileType = folder.assetcatalog; path = Assets.xcassets; sourceTree = "<group>"; };
		1B39CF752C7735A4006B574E /* Preview Assets.xcassets */ = {isa = PBXFileReference; lastKnownFileType = folder.assetcatalog; path = "Preview Assets.xcassets"; sourceTree = "<group>"; };
		1B39CF7C2C773A1A006B574E /* ProgrammaticNavigation.swift */ = {isa = PBXFileReference; lastKnownFileType = sourcecode.swift; path = ProgrammaticNavigation.swift; sourceTree = "<group>"; };
		1B39CF7E2C773C21006B574E /* NavigationToMultipleDataTypes.swift */ = {isa = PBXFileReference; lastKnownFileType = sourcecode.swift; path = NavigationToMultipleDataTypes.swift; sourceTree = "<group>"; };
		1B39CF802C7742A8006B574E /* CustomNavBar.swift */ = {isa = PBXFileReference; lastKnownFileType = sourcecode.swift; path = CustomNavBar.swift; sourceTree = "<group>"; };
		1B39CF842C774961006B574E /* CustomPath.swift */ = {isa = PBXFileReference; lastKnownFileType = sourcecode.swift; path = CustomPath.swift; sourceTree = "<group>"; };
/* End PBXFileReference section */

/* Begin PBXFrameworksBuildPhase section */
		1B39CF682C7735A2006B574E /* Frameworks */ = {
			isa = PBXFrameworksBuildPhase;
			buildActionMask = 2147483647;
			files = (
			);
			runOnlyForDeploymentPostprocessing = 0;
		};
/* End PBXFrameworksBuildPhase section */

/* Begin PBXGroup section */
		1B39CF622C7735A2006B574E = {
			isa = PBXGroup;
			children = (
				1B39CF6D2C7735A2006B574E /* SwiftUINavigationSample */,
				1B39CF6C2C7735A2006B574E /* Products */,
			);
			sourceTree = "<group>";
		};
		1B39CF6C2C7735A2006B574E /* Products */ = {
			isa = PBXGroup;
			children = (
				1B39CF6B2C7735A2006B574E /* SwiftUINavigationSample.app */,
			);
			name = Products;
			sourceTree = "<group>";
		};
		1B39CF6D2C7735A2006B574E /* SwiftUINavigationSample */ = {
			isa = PBXGroup;
			children = (
				1B39CF6E2C7735A2006B574E /* SwiftUINavigationSampleApp.swift */,
				1B39CF702C7735A2006B574E /* ContentView.swift */,
				1B39CF7C2C773A1A006B574E /* ProgrammaticNavigation.swift */,
				1B39CF7E2C773C21006B574E /* NavigationToMultipleDataTypes.swift */,
				1B39CF802C7742A8006B574E /* CustomNavBar.swift */,
				1B39CF842C774961006B574E /* CustomPath.swift */,
				1B39CF722C7735A4006B574E /* Assets.xcassets */,
				1B39CF742C7735A4006B574E /* Preview Content */,
			);
			path = SwiftUINavigationSample;
			sourceTree = "<group>";
		};
		1B39CF742C7735A4006B574E /* Preview Content */ = {
			isa = PBXGroup;
			children = (
				1B39CF752C7735A4006B574E /* Preview Assets.xcassets */,
			);
			path = "Preview Content";
			sourceTree = "<group>";
		};
/* End PBXGroup section */

/* Begin PBXNativeTarget section */
		1B39CF6A2C7735A2006B574E /* SwiftUINavigationSample */ = {
			isa = PBXNativeTarget;
			buildConfigurationList = 1B39CF792C7735A4006B574E /* Build configuration list for PBXNativeTarget "SwiftUINavigationSample" */;
			buildPhases = (
				1B39CF672C7735A2006B574E /* Sources */,
				1B39CF682C7735A2006B574E /* Frameworks */,
				1B39CF692C7735A2006B574E /* Resources */,
			);
			buildRules = (
			);
			dependencies = (
			);
			name = SwiftUINavigationSample;
			productName = SwiftUINavigationSample;
			productReference = 1B39CF6B2C7735A2006B574E /* SwiftUINavigationSample.app */;
			productType = "com.apple.product-type.application";
		};
/* End PBXNativeTarget section */

/* Begin PBXProject section */
		1B39CF632C7735A2006B574E /* Project object */ = {
			isa = PBXProject;
			attributes = {
				BuildIndependentTargetsInParallel = 1;
				LastSwiftUpdateCheck = 1540;
				LastUpgradeCheck = 1540;
				TargetAttributes = {
					1B39CF6A2C7735A2006B574E = {
						CreatedOnToolsVersion = 15.4;
					};
				};
			};
			buildConfigurationList = 1B39CF662C7735A2006B574E /* Build configuration list for PBXProject "SwiftUINavigationSample" */;
			compatibilityVersion = "Xcode 14.0";
			developmentRegion = en;
			hasScannedForEncodings = 0;
			knownRegions = (
				en,
				Base,
			);
			mainGroup = 1B39CF622C7735A2006B574E;
			productRefGroup = 1B39CF6C2C7735A2006B574E /* Products */;
			projectDirPath = "";
			projectRoot = "";
			targets = (
				1B39CF6A2C7735A2006B574E /* SwiftUINavigationSample */,
			);
		};
/* End PBXProject section */

/* Begin PBXResourcesBuildPhase section */
		1B39CF692C7735A2006B574E /* Resources */ = {
			isa = PBXResourcesBuildPhase;
			buildActionMask = 2147483647;
			files = (
				1B39CF762C7735A4006B574E /* Preview Assets.xcassets in Resources */,
				1B39CF732C7735A4006B574E /* Assets.xcassets in Resources */,
			);
			runOnlyForDeploymentPostprocessing = 0;
		};
/* End PBXResourcesBuildPhase section */

/* Begin PBXSourcesBuildPhase section */
		1B39CF672C7735A2006B574E /* Sources */ = {
			isa = PBXSourcesBuildPhase;
			buildActionMask = 2147483647;
			files = (
				1B39CF7F2C773C21006B574E /* NavigationToMultipleDataTypes.swift in Sources */,
				1B39CF712C7735A2006B574E /* ContentView.swift in Sources */,
				1B39CF7D2C773A1A006B574E /* ProgrammaticNavigation.swift in Sources */,
				1B39CF852C774961006B574E /* CustomPath.swift in Sources */,
				1B39CF6F2C7735A2006B574E /* SwiftUINavigationSampleApp.swift in Sources */,
				1B39CF812C7742A8006B574E /* CustomNavBar.swift in Sources */,
			);
			runOnlyForDeploymentPostprocessing = 0;
		};
/* End PBXSourcesBuildPhase section */

/* Begin XCBuildConfiguration section */
		1B39CF772C7735A4006B574E /* Debug */ = {
			isa = XCBuildConfiguration;
			buildSettings = {
				ALWAYS_SEARCH_USER_PATHS = NO;
				ASSETCATALOG_COMPILER_GENERATE_SWIFT_ASSET_SYMBOL_EXTENSIONS = YES;
				CLANG_ANALYZER_NONNULL = YES;
				CLANG_ANALYZER_NUMBER_OBJECT_CONVERSION = YES_AGGRESSIVE;
				CLANG_CXX_LANGUAGE_STANDARD = "gnu++20";
				CLANG_ENABLE_MODULES = YES;
				CLANG_ENABLE_OBJC_ARC = YES;
				CLANG_ENABLE_OBJC_WEAK = YES;
				CLANG_WARN_BLOCK_CAPTURE_AUTORELEASING = YES;
				CLANG_WARN_BOOL_CONVERSION = YES;
				CLANG_WARN_COMMA = YES;
				CLANG_WARN_CONSTANT_CONVERSION = YES;
				CLANG_WARN_DEPRECATED_OBJC_IMPLEMENTATIONS = YES;
				CLANG_WARN_DIRECT_OBJC_ISA_USAGE = YES_ERROR;
				CLANG_WARN_DOCUMENTATION_COMMENTS = YES;
				CLANG_WARN_EMPTY_BODY = YES;
				CLANG_WARN_ENUM_CONVERSION = YES;
				CLANG_WARN_INFINITE_RECURSION = YES;
				CLANG_WARN_INT_CONVERSION = YES;
				CLANG_WARN_NON_LITERAL_NULL_CONVERSION = YES;
				CLANG_WARN_OBJC_IMPLICIT_RETAIN_SELF = YES;
				CLANG_WARN_OBJC_LITERAL_CONVERSION = YES;
				CLANG_WARN_OBJC_ROOT_CLASS = YES_ERROR;
				CLANG_WARN_QUOTED_INCLUDE_IN_FRAMEWORK_HEADER = YES;
				CLANG_WARN_RANGE_LOOP_ANALYSIS = YES;
				CLANG_WARN_STRICT_PROTOTYPES = YES;
				CLANG_WARN_SUSPICIOUS_MOVE = YES;
				CLANG_WARN_UNGUARDED_AVAILABILITY = YES_AGGRESSIVE;
				CLANG_WARN_UNREACHABLE_CODE = YES;
				CLANG_WARN__DUPLICATE_METHOD_MATCH = YES;
				COPY_PHASE_STRIP = NO;
				DEBUG_INFORMATION_FORMAT = dwarf;
				ENABLE_STRICT_OBJC_MSGSEND = YES;
				ENABLE_TESTABILITY = YES;
				ENABLE_USER_SCRIPT_SANDBOXING = YES;
				GCC_C_LANGUAGE_STANDARD = gnu17;
				GCC_DYNAMIC_NO_PIC = NO;
				GCC_NO_COMMON_BLOCKS = YES;
				GCC_OPTIMIZATION_LEVEL = 0;
				GCC_PREPROCESSOR_DEFINITIONS = (
					"DEBUG=1",
					"$(inherited)",
				);
				GCC_WARN_64_TO_32_BIT_CONVERSION = YES;
				GCC_WARN_ABOUT_RETURN_TYPE = YES_ERROR;
				GCC_WARN_UNDECLARED_SELECTOR = YES;
				GCC_WARN_UNINITIALIZED_AUTOS = YES_AGGRESSIVE;
				GCC_WARN_UNUSED_FUNCTION = YES;
				GCC_WARN_UNUSED_VARIABLE = YES;
				IPHONEOS_DEPLOYMENT_TARGET = 17.5;
				LOCALIZATION_PREFERS_STRING_CATALOGS = YES;
				MTL_ENABLE_DEBUG_INFO = INCLUDE_SOURCE;
				MTL_FAST_MATH = YES;
				ONLY_ACTIVE_ARCH = YES;
				SDKROOT = iphoneos;
				SWIFT_ACTIVE_COMPILATION_CONDITIONS = "DEBUG $(inherited)";
				SWIFT_OPTIMIZATION_LEVEL = "-Onone";
			};
			name = Debug;
		};
		1B39CF782C7735A4006B574E /* Release */ = {
			isa = XCBuildConfiguration;
			buildSettings = {
				ALWAYS_SEARCH_USER_PATHS = NO;
				ASSETCATALOG_COMPILER_GENERATE_SWIFT_ASSET_SYMBOL_EXTENSIONS = YES;
				CLANG_ANALYZER_NONNULL = YES;
				CLANG_ANALYZER_NUMBER_OBJECT_CONVERSION = YES_AGGRESSIVE;
				CLANG_CXX_LANGUAGE_STANDARD = "gnu++20";
				CLANG_ENABLE_MODULES = YES;
				CLANG_ENABLE_OBJC_ARC = YES;
				CLANG_ENABLE_OBJC_WEAK = YES;
				CLANG_WARN_BLOCK_CAPTURE_AUTORELEASING = YES;
				CLANG_WARN_BOOL_CONVERSION = YES;
				CLANG_WARN_COMMA = YES;
				CLANG_WARN_CONSTANT_CONVERSION = YES;
				CLANG_WARN_DEPRECATED_OBJC_IMPLEMENTATIONS = YES;
				CLANG_WARN_DIRECT_OBJC_ISA_USAGE = YES_ERROR;
				CLANG_WARN_DOCUMENTATION_COMMENTS = YES;
				CLANG_WARN_EMPTY_BODY = YES;
				CLANG_WARN_ENUM_CONVERSION = YES;
				CLANG_WARN_INFINITE_RECURSION = YES;
				CLANG_WARN_INT_CONVERSION = YES;
				CLANG_WARN_NON_LITERAL_NULL_CONVERSION = YES;
				CLANG_WARN_OBJC_IMPLICIT_RETAIN_SELF = YES;
				CLANG_WARN_OBJC_LITERAL_CONVERSION = YES;
				CLANG_WARN_OBJC_ROOT_CLASS = YES_ERROR;
				CLANG_WARN_QUOTED_INCLUDE_IN_FRAMEWORK_HEADER = YES;
				CLANG_WARN_RANGE_LOOP_ANALYSIS = YES;
				CLANG_WARN_STRICT_PROTOTYPES = YES;
				CLANG_WARN_SUSPICIOUS_MOVE = YES;
				CLANG_WARN_UNGUARDED_AVAILABILITY = YES_AGGRESSIVE;
				CLANG_WARN_UNREACHABLE_CODE = YES;
				CLANG_WARN__DUPLICATE_METHOD_MATCH = YES;
				COPY_PHASE_STRIP = NO;
				DEBUG_INFORMATION_FORMAT = "dwarf-with-dsym";
				ENABLE_NS_ASSERTIONS = NO;
				ENABLE_STRICT_OBJC_MSGSEND = YES;
				ENABLE_USER_SCRIPT_SANDBOXING = YES;
				GCC_C_LANGUAGE_STANDARD = gnu17;
				GCC_NO_COMMON_BLOCKS = YES;
				GCC_WARN_64_TO_32_BIT_CONVERSION = YES;
				GCC_WARN_ABOUT_RETURN_TYPE = YES_ERROR;
				GCC_WARN_UNDECLARED_SELECTOR = YES;
				GCC_WARN_UNINITIALIZED_AUTOS = YES_AGGRESSIVE;
				GCC_WARN_UNUSED_FUNCTION = YES;
				GCC_WARN_UNUSED_VARIABLE = YES;
				IPHONEOS_DEPLOYMENT_TARGET = 17.5;
				LOCALIZATION_PREFERS_STRING_CATALOGS = YES;
				MTL_ENABLE_DEBUG_INFO = NO;
				MTL_FAST_MATH = YES;
				SDKROOT = iphoneos;
				SWIFT_COMPILATION_MODE = wholemodule;
				VALIDATE_PRODUCT = YES;
			};
			name = Release;
		};
		1B39CF7A2C7735A4006B574E /* Debug */ = {
			isa = XCBuildConfiguration;
			buildSettings = {
				ASSETCATALOG_COMPILER_APPICON_NAME = AppIcon;
				ASSETCATALOG_COMPILER_GLOBAL_ACCENT_COLOR_NAME = AccentColor;
				CODE_SIGN_STYLE = Automatic;
				CURRENT_PROJECT_VERSION = 1;
				DEVELOPMENT_ASSET_PATHS = "\"SwiftUINavigationSample/Preview Content\"";
				DEVELOPMENT_TEAM = 9VXZ74332Q;
				ENABLE_PREVIEWS = YES;
				GENERATE_INFOPLIST_FILE = YES;
				INFOPLIST_KEY_UIApplicationSceneManifest_Generation = YES;
				INFOPLIST_KEY_UIApplicationSupportsIndirectInputEvents = YES;
				INFOPLIST_KEY_UILaunchScreen_Generation = YES;
				INFOPLIST_KEY_UISupportedInterfaceOrientations_iPad = "UIInterfaceOrientationPortrait UIInterfaceOrientationPortraitUpsideDown UIInterfaceOrientationLandscapeLeft UIInterfaceOrientationLandscapeRight";
				INFOPLIST_KEY_UISupportedInterfaceOrientations_iPhone = "UIInterfaceOrientationPortrait UIInterfaceOrientationLandscapeLeft UIInterfaceOrientationLandscapeRight";
				LD_RUNPATH_SEARCH_PATHS = (
					"$(inherited)",
					"@executable_path/Frameworks",
				);
				MARKETING_VERSION = 1.0;
				PRODUCT_BUNDLE_IDENTIFIER = antino.SwiftUINavigationSample;
				PRODUCT_NAME = "$(TARGET_NAME)";
				SWIFT_EMIT_LOC_STRINGS = YES;
				SWIFT_VERSION = 5.0;
				TARGETED_DEVICE_FAMILY = "1,2";
			};
			name = Debug;
		};
		1B39CF7B2C7735A4006B574E /* Release */ = {
			isa = XCBuildConfiguration;
			buildSettings = {
				ASSETCATALOG_COMPILER_APPICON_NAME = AppIcon;
				ASSETCATALOG_COMPILER_GLOBAL_ACCENT_COLOR_NAME = AccentColor;
				CODE_SIGN_STYLE = Automatic;
				CURRENT_PROJECT_VERSION = 1;
				DEVELOPMENT_ASSET_PATHS = "\"SwiftUINavigationSample/Preview Content\"";
				DEVELOPMENT_TEAM = 9VXZ74332Q;
				ENABLE_PREVIEWS = YES;
				GENERATE_INFOPLIST_FILE = YES;
				INFOPLIST_KEY_UIApplicationSceneManifest_Generation = YES;
				INFOPLIST_KEY_UIApplicationSupportsIndirectInputEvents = YES;
				INFOPLIST_KEY_UILaunchScreen_Generation = YES;
				INFOPLIST_KEY_UISupportedInterfaceOrientations_iPad = "UIInterfaceOrientationPortrait UIInterfaceOrientationPortraitUpsideDown UIInterfaceOrientationLandscapeLeft UIInterfaceOrientationLandscapeRight";
				INFOPLIST_KEY_UISupportedInterfaceOrientations_iPhone = "UIInterfaceOrientationPortrait UIInterfaceOrientationLandscapeLeft UIInterfaceOrientationLandscapeRight";
				LD_RUNPATH_SEARCH_PATHS = (
					"$(inherited)",
					"@executable_path/Frameworks",
				);
				MARKETING_VERSION = 1.0;
				PRODUCT_BUNDLE_IDENTIFIER = antino.SwiftUINavigationSample;
				PRODUCT_NAME = "$(TARGET_NAME)";
				SWIFT_EMIT_LOC_STRINGS = YES;
				SWIFT_VERSION = 5.0;
				TARGETED_DEVICE_FAMILY = "1,2";
			};
			name = Release;
		};
/* End XCBuildConfiguration section */

/* Begin XCConfigurationList section */
		1B39CF662C7735A2006B574E /* Build configuration list for PBXProject "SwiftUINavigationSample" */ = {
			isa = XCConfigurationList;
			buildConfigurations = (
				1B39CF772C7735A4006B574E /* Debug */,
				1B39CF782C7735A4006B574E /* Release */,
			);
			defaultConfigurationIsVisible = 0;
			defaultConfigurationName = Release;
		};
		1B39CF792C7735A4006B574E /* Build configuration list for PBXNativeTarget "SwiftUINavigationSample" */ = {
			isa = XCConfigurationList;
			buildConfigurations = (
				1B39CF7A2C7735A4006B574E /* Debug */,
				1B39CF7B2C7735A4006B574E /* Release */,
			);
			defaultConfigurationIsVisible = 0;
			defaultConfigurationName = Release;
		};
/* End XCConfigurationList section */
	};
	rootObject = 1B39CF632C7735A2006B574E /* Project object */;
}
